// !$*UTF8*$!
{
	archiveVersion = 1;
	classes = {
	};
	objectVersion = 52;
	objects = {

/* Begin PBXBuildFile section */
		2D7D969A272FC1C4005F780C /* AppDelegate.swift in Sources */ = {isa = PBXBuildFile; fileRef = 2D7D9699272FC1C4005F780C /* AppDelegate.swift */; };
		2D7D969C272FC1C4005F780C /* SceneDelegate.swift in Sources */ = {isa = PBXBuildFile; fileRef = 2D7D969B272FC1C4005F780C /* SceneDelegate.swift */; };
		2D7D96A1272FC1C4005F780C /* Main.storyboard in Resources */ = {isa = PBXBuildFile; fileRef = 2D7D969F272FC1C4005F780C /* Main.storyboard */; };
		2D7D96A3272FC1C4005F780C /* Assets.xcassets in Resources */ = {isa = PBXBuildFile; fileRef = 2D7D96A2272FC1C4005F780C /* Assets.xcassets */; };
		2D7D96A6272FC1C4005F780C /* LaunchScreen.storyboard in Resources */ = {isa = PBXBuildFile; fileRef = 2D7D96A4272FC1C4005F780C /* LaunchScreen.storyboard */; };
		2D7D96AF272FC29A005F780C /* CodableCSV in Frameworks */ = {isa = PBXBuildFile; productRef = 2D7D96AE272FC29A005F780C /* CodableCSV */; };
		2D7D96B1272FD323005F780C /* TaiChung CSV Type.swift in Sources */ = {isa = PBXBuildFile; fileRef = 2D7D96B0272FD323005F780C /* TaiChung CSV Type.swift */; };
		2D7D96B3272FDFFD005F780C /* 2021TableViewController.swift in Sources */ = {isa = PBXBuildFile; fileRef = 2D7D96B2272FDFFD005F780C /* 2021TableViewController.swift */; };
		2D7D96B7272FE3B8005F780C /* TC2021TableViewCell.swift in Sources */ = {isa = PBXBuildFile; fileRef = 2D7D96B6272FE3B8005F780C /* TC2021TableViewCell.swift */; };
		2D7D96BA272FE94F005F780C /* TC2021NoTableViewController.swift in Sources */ = {isa = PBXBuildFile; fileRef = 2D7D96B9272FE94F005F780C /* TC2021NoTableViewController.swift */; };
		2D7D96BC272FE99D005F780C /* TC2021NOTableViewCell.swift in Sources */ = {isa = PBXBuildFile; fileRef = 2D7D96BB272FE99D005F780C /* TC2021NOTableViewCell.swift */; };
		2D7D96BF273035D0005F780C /* CTDistrictViewController.swift in Sources */ = {isa = PBXBuildFile; fileRef = 2D7D96BE273035D0005F780C /* CTDistrictViewController.swift */; };
/* End PBXBuildFile section */

/* Begin PBXFileReference section */
		2D7D9696272FC1C4005F780C /* Swift Practice # 105 Taichung Two Result.app */ = {isa = PBXFileReference; explicitFileType = wrapper.application; includeInIndex = 0; path = "Swift Practice # 105 Taichung Two Result.app"; sourceTree = BUILT_PRODUCTS_DIR; };
		2D7D9699272FC1C4005F780C /* AppDelegate.swift */ = {isa = PBXFileReference; lastKnownFileType = sourcecode.swift; path = AppDelegate.swift; sourceTree = "<group>"; };
		2D7D969B272FC1C4005F780C /* SceneDelegate.swift */ = {isa = PBXFileReference; lastKnownFileType = sourcecode.swift; path = SceneDelegate.swift; sourceTree = "<group>"; };
		2D7D96A0272FC1C4005F780C /* Base */ = {isa = PBXFileReference; lastKnownFileType = file.storyboard; name = Base; path = Base.lproj/Main.storyboard; sourceTree = "<group>"; };
		2D7D96A2272FC1C4005F780C /* Assets.xcassets */ = {isa = PBXFileReference; lastKnownFileType = folder.assetcatalog; path = Assets.xcassets; sourceTree = "<group>"; };
		2D7D96A5272FC1C4005F780C /* Base */ = {isa = PBXFileReference; lastKnownFileType = file.storyboard; name = Base; path = Base.lproj/LaunchScreen.storyboard; sourceTree = "<group>"; };
		2D7D96A7272FC1C4005F780C /* Info.plist */ = {isa = PBXFileReference; lastKnownFileType = text.plist.xml; path = Info.plist; sourceTree = "<group>"; };
		2D7D96B0272FD323005F780C /* TaiChung CSV Type.swift */ = {isa = PBXFileReference; lastKnownFileType = sourcecode.swift; path = "TaiChung CSV Type.swift"; sourceTree = "<group>"; };
		2D7D96B2272FDFFD005F780C /* 2021TableViewController.swift */ = {isa = PBXFileReference; lastKnownFileType = sourcecode.swift; path = 2021TableViewController.swift; sourceTree = "<group>"; };
		2D7D96B6272FE3B8005F780C /* TC2021TableViewCell.swift */ = {isa = PBXFileReference; lastKnownFileType = sourcecode.swift; path = TC2021TableViewCell.swift; sourceTree = "<group>"; };
		2D7D96B9272FE94F005F780C /* TC2021NoTableViewController.swift */ = {isa = PBXFileReference; lastKnownFileType = sourcecode.swift; path = TC2021NoTableViewController.swift; sourceTree = "<group>"; };
		2D7D96BB272FE99D005F780C /* TC2021NOTableViewCell.swift */ = {isa = PBXFileReference; lastKnownFileType = sourcecode.swift; path = TC2021NOTableViewCell.swift; sourceTree = "<group>"; };
		2D7D96BE273035D0005F780C /* CTDistrictViewController.swift */ = {isa = PBXFileReference; lastKnownFileType = sourcecode.swift; path = CTDistrictViewController.swift; sourceTree = "<group>"; };
/* End PBXFileReference section */

/* Begin PBXFrameworksBuildPhase section */
		2D7D9693272FC1C3005F780C /* Frameworks */ = {
			isa = PBXFrameworksBuildPhase;
			buildActionMask = 2147483647;
			files = (
				2D7D96AF272FC29A005F780C /* CodableCSV in Frameworks */,
			);
			runOnlyForDeploymentPostprocessing = 0;
		};
/* End PBXFrameworksBuildPhase section */

/* Begin PBXGroup section */
		2D7D968D272FC1C3005F780C = {
			isa = PBXGroup;
			children = (
				2D7D9698272FC1C4005F780C /* Swift Practice # 105 Taichung Two Result */,
				2D7D9697272FC1C4005F780C /* Products */,
			);
			sourceTree = "<group>";
		};
		2D7D9697272FC1C4005F780C /* Products */ = {
			isa = PBXGroup;
			children = (
				2D7D9696272FC1C4005F780C /* Swift Practice # 105 Taichung Two Result.app */,
			);
			name = Products;
			sourceTree = "<group>";
		};
		2D7D9698272FC1C4005F780C /* Swift Practice # 105 Taichung Two Result */ = {
			isa = PBXGroup;
			children = (
				2D7D96BD27303303005F780C /* 2021 NO */,
				2D7D96B8272FE8E7005F780C /* 2021 YES */,
				2D7D96C027303EEA005F780C /* 2021DIstrict */,
				2D7D96B0272FD323005F780C /* TaiChung CSV Type.swift */,
				2D7D9699272FC1C4005F780C /* AppDelegate.swift */,
				2D7D969B272FC1C4005F780C /* SceneDelegate.swift */,
				2D7D969F272FC1C4005F780C /* Main.storyboard */,
				2D7D96A2272FC1C4005F780C /* Assets.xcassets */,
				2D7D96A4272FC1C4005F780C /* LaunchScreen.storyboard */,
				2D7D96A7272FC1C4005F780C /* Info.plist */,
			);
			path = "Swift Practice # 105 Taichung Two Result";
			sourceTree = "<group>";
		};
		2D7D96B8272FE8E7005F780C /* 2021 YES */ = {
			isa = PBXGroup;
			children = (
				2D7D96B2272FDFFD005F780C /* 2021TableViewController.swift */,
				2D7D96B6272FE3B8005F780C /* TC2021TableViewCell.swift */,
			);
			path = "2021 YES";
			sourceTree = "<group>";
		};
		2D7D96BD27303303005F780C /* 2021 NO */ = {
			isa = PBXGroup;
			children = (
				2D7D96B9272FE94F005F780C /* TC2021NoTableViewController.swift */,
				2D7D96BB272FE99D005F780C /* TC2021NOTableViewCell.swift */,
			);
			path = "2021 NO";
			sourceTree = "<group>";
		};
		2D7D96C027303EEA005F780C /* 2021DIstrict */ = {
			isa = PBXGroup;
			children = (
				2D7D96BE273035D0005F780C /* CTDistrictViewController.swift */,
			);
			path = 2021DIstrict;
			sourceTree = "<group>";
		};
/* End PBXGroup section */

/* Begin PBXNativeTarget section */
		2D7D9695272FC1C3005F780C /* Swift Practice # 105 Taichung Two Result */ = {
			isa = PBXNativeTarget;
			buildConfigurationList = 2D7D96AA272FC1C4005F780C /* Build configuration list for PBXNativeTarget "Swift Practice # 105 Taichung Two Result" */;
			buildPhases = (
				2D7D9692272FC1C3005F780C /* Sources */,
				2D7D9693272FC1C3005F780C /* Frameworks */,
				2D7D9694272FC1C3005F780C /* Resources */,
			);
			buildRules = (
			);
			dependencies = (
			);
			name = "Swift Practice # 105 Taichung Two Result";
			packageProductDependencies = (
				2D7D96AE272FC29A005F780C /* CodableCSV */,
			);
			productName = "Swift Practice # 105 Taichung Two Result";
			productReference = 2D7D9696272FC1C4005F780C /* Swift Practice # 105 Taichung Two Result.app */;
			productType = "com.apple.product-type.application";
		};
/* End PBXNativeTarget section */

/* Begin PBXProject section */
		2D7D968E272FC1C3005F780C /* Project object */ = {
			isa = PBXProject;
			attributes = {
				LastSwiftUpdateCheck = 1250;
				LastUpgradeCheck = 1250;
				TargetAttributes = {
					2D7D9695272FC1C3005F780C = {
						CreatedOnToolsVersion = 12.5.1;
					};
				};
			};
			buildConfigurationList = 2D7D9691272FC1C3005F780C /* Build configuration list for PBXProject "Swift Practice # 105 Taichung Two Result" */;
			compatibilityVersion = "Xcode 9.3";
			developmentRegion = en;
			hasScannedForEncodings = 0;
			knownRegions = (
				en,
				Base,
			);
			mainGroup = 2D7D968D272FC1C3005F780C;
			packageReferences = (
				2D7D96AD272FC29A005F780C /* XCRemoteSwiftPackageReference "CodableCSV" */,
			);
			productRefGroup = 2D7D9697272FC1C4005F780C /* Products */;
			projectDirPath = "";
			projectRoot = "";
			targets = (
				2D7D9695272FC1C3005F780C /* Swift Practice # 105 Taichung Two Result */,
			);
		};
/* End PBXProject section */

/* Begin PBXResourcesBuildPhase section */
		2D7D9694272FC1C3005F780C /* Resources */ = {
			isa = PBXResourcesBuildPhase;
			buildActionMask = 2147483647;
			files = (
				2D7D96A6272FC1C4005F780C /* LaunchScreen.storyboard in Resources */,
				2D7D96A3272FC1C4005F780C /* Assets.xcassets in Resources */,
				2D7D96A1272FC1C4005F780C /* Main.storyboard in Resources */,
			);
			runOnlyForDeploymentPostprocessing = 0;
		};
/* End PBXResourcesBuildPhase section */

/* Begin PBXSourcesBuildPhase section */
		2D7D9692272FC1C3005F780C /* Sources */ = {
			isa = PBXSourcesBuildPhase;
			buildActionMask = 2147483647;
			files = (
				2D7D969A272FC1C4005F780C /* AppDelegate.swift in Sources */,
				2D7D969C272FC1C4005F780C /* SceneDelegate.swift in Sources */,
				2D7D96BA272FE94F005F780C /* TC2021NoTableViewController.swift in Sources */,
				2D7D96B1272FD323005F780C /* TaiChung CSV Type.swift in Sources */,
				2D7D96B3272FDFFD005F780C /* 2021TableViewController.swift in Sources */,
				2D7D96BF273035D0005F780C /* CTDistrictViewController.swift in Sources */,
				2D7D96B7272FE3B8005F780C /* TC2021TableViewCell.swift in Sources */,
				2D7D96BC272FE99D005F780C /* TC2021NOTableViewCell.swift in Sources */,
			);
			runOnlyForDeploymentPostprocessing = 0;
		};
/* End PBXSourcesBuildPhase section */

/* Begin PBXVariantGroup section */
		2D7D969F272FC1C4005F780C /* Main.storyboard */ = {
			isa = PBXVariantGroup;
			children = (
				2D7D96A0272FC1C4005F780C /* Base */,
			);
			name = Main.storyboard;
			sourceTree = "<group>";
		};
		2D7D96A4272FC1C4005F780C /* LaunchScreen.storyboard */ = {
			isa = PBXVariantGroup;
			children = (
				2D7D96A5272FC1C4005F780C /* Base */,
			);
			name = LaunchScreen.storyboard;
			sourceTree = "<group>";
		};
/* End PBXVariantGroup section */

/* Begin XCBuildConfiguration section */
		2D7D96A8272FC1C4005F780C /* Debug */ = {
			isa = XCBuildConfiguration;
			buildSettings = {
				ALWAYS_SEARCH_USER_PATHS = NO;
				CLANG_ANALYZER_NONNULL = YES;
				CLANG_ANALYZER_NUMBER_OBJECT_CONVERSION = YES_AGGRESSIVE;
				CLANG_CXX_LANGUAGE_STANDARD = "gnu++14";
				CLANG_CXX_LIBRARY = "libc++";
				CLANG_ENABLE_MODULES = YES;
				CLANG_ENABLE_OBJC_ARC = YES;
				CLANG_ENABLE_OBJC_WEAK = YES;
				CLANG_WARN_BLOCK_CAPTURE_AUTORELEASING = YES;
				CLANG_WARN_BOOL_CONVERSION = YES;
				CLANG_WARN_COMMA = YES;
				CLANG_WARN_CONSTANT_CONVERSION = YES;
				CLANG_WARN_DEPRECATED_OBJC_IMPLEMENTATIONS = YES;
				CLANG_WARN_DIRECT_OBJC_ISA_USAGE = YES_ERROR;
				CLANG_WARN_DOCUMENTATION_COMMENTS = YES;
				CLANG_WARN_EMPTY_BODY = YES;
				CLANG_WARN_ENUM_CONVERSION = YES;
				CLANG_WARN_INFINITE_RECURSION = YES;
				CLANG_WARN_INT_CONVERSION = YES;
				CLANG_WARN_NON_LITERAL_NULL_CONVERSION = YES;
				CLANG_WARN_OBJC_IMPLICIT_RETAIN_SELF = YES;
				CLANG_WARN_OBJC_LITERAL_CONVERSION = YES;
				CLANG_WARN_OBJC_ROOT_CLASS = YES_ERROR;
				CLANG_WARN_QUOTED_INCLUDE_IN_FRAMEWORK_HEADER = YES;
				CLANG_WARN_RANGE_LOOP_ANALYSIS = YES;
				CLANG_WARN_STRICT_PROTOTYPES = YES;
				CLANG_WARN_SUSPICIOUS_MOVE = YES;
				CLANG_WARN_UNGUARDED_AVAILABILITY = YES_AGGRESSIVE;
				CLANG_WARN_UNREACHABLE_CODE = YES;
				CLANG_WARN__DUPLICATE_METHOD_MATCH = YES;
				COPY_PHASE_STRIP = NO;
				DEBUG_INFORMATION_FORMAT = dwarf;
				ENABLE_STRICT_OBJC_MSGSEND = YES;
				ENABLE_TESTABILITY = YES;
				GCC_C_LANGUAGE_STANDARD = gnu11;
				GCC_DYNAMIC_NO_PIC = NO;
				GCC_NO_COMMON_BLOCKS = YES;
				GCC_OPTIMIZATION_LEVEL = 0;
				GCC_PREPROCESSOR_DEFINITIONS = (
					"DEBUG=1",
					"$(inherited)",
				);
				GCC_WARN_64_TO_32_BIT_CONVERSION = YES;
				GCC_WARN_ABOUT_RETURN_TYPE = YES_ERROR;
				GCC_WARN_UNDECLARED_SELECTOR = YES;
				GCC_WARN_UNINITIALIZED_AUTOS = YES_AGGRESSIVE;
				GCC_WARN_UNUSED_FUNCTION = YES;
				GCC_WARN_UNUSED_VARIABLE = YES;
				IPHONEOS_DEPLOYMENT_TARGET = 14.5;
				MTL_ENABLE_DEBUG_INFO = INCLUDE_SOURCE;
				MTL_FAST_MATH = YES;
				ONLY_ACTIVE_ARCH = YES;
				SDKROOT = iphoneos;
				SWIFT_ACTIVE_COMPILATION_CONDITIONS = DEBUG;
				SWIFT_OPTIMIZATION_LEVEL = "-Onone";
			};
			name = Debug;
		};
		2D7D96A9272FC1C4005F780C /* Release */ = {
			isa = XCBuildConfiguration;
			buildSettings = {
				ALWAYS_SEARCH_USER_PATHS = NO;
				CLANG_ANALYZER_NONNULL = YES;
				CLANG_ANALYZER_NUMBER_OBJECT_CONVERSION = YES_AGGRESSIVE;
				CLANG_CXX_LANGUAGE_STANDARD = "gnu++14";
				CLANG_CXX_LIBRARY = "libc++";
				CLANG_ENABLE_MODULES = YES;
				CLANG_ENABLE_OBJC_ARC = YES;
				CLANG_ENABLE_OBJC_WEAK = YES;
				CLANG_WARN_BLOCK_CAPTURE_AUTORELEASING = YES;
				CLANG_WARN_BOOL_CONVERSION = YES;
				CLANG_WARN_COMMA = YES;
				CLANG_WARN_CONSTANT_CONVERSION = YES;
				CLANG_WARN_DEPRECATED_OBJC_IMPLEMENTATIONS = YES;
				CLANG_WARN_DIRECT_OBJC_ISA_USAGE = YES_ERROR;
				CLANG_WARN_DOCUMENTATION_COMMENTS = YES;
				CLANG_WARN_EMPTY_BODY = YES;
				CLANG_WARN_ENUM_CONVERSION = YES;
				CLANG_WARN_INFINITE_RECURSION = YES;
				CLANG_WARN_INT_CONVERSION = YES;
				CLANG_WARN_NON_LITERAL_NULL_CONVERSION = YES;
				CLANG_WARN_OBJC_IMPLICIT_RETAIN_SELF = YES;
				CLANG_WARN_OBJC_LITERAL_CONVERSION = YES;
				CLANG_WARN_OBJC_ROOT_CLASS = YES_ERROR;
				CLANG_WARN_QUOTED_INCLUDE_IN_FRAMEWORK_HEADER = YES;
				CLANG_WARN_RANGE_LOOP_ANALYSIS = YES;
				CLANG_WARN_STRICT_PROTOTYPES = YES;
				CLANG_WARN_SUSPICIOUS_MOVE = YES;
				CLANG_WARN_UNGUARDED_AVAILABILITY = YES_AGGRESSIVE;
				CLANG_WARN_UNREACHABLE_CODE = YES;
				CLANG_WARN__DUPLICATE_METHOD_MATCH = YES;
				COPY_PHASE_STRIP = NO;
				DEBUG_INFORMATION_FORMAT = "dwarf-with-dsym";
				ENABLE_NS_ASSERTIONS = NO;
				ENABLE_STRICT_OBJC_MSGSEND = YES;
				GCC_C_LANGUAGE_STANDARD = gnu11;
				GCC_NO_COMMON_BLOCKS = YES;
				GCC_WARN_64_TO_32_BIT_CONVERSION = YES;
				GCC_WARN_ABOUT_RETURN_TYPE = YES_ERROR;
				GCC_WARN_UNDECLARED_SELECTOR = YES;
				GCC_WARN_UNINITIALIZED_AUTOS = YES_AGGRESSIVE;
				GCC_WARN_UNUSED_FUNCTION = YES;
				GCC_WARN_UNUSED_VARIABLE = YES;
				IPHONEOS_DEPLOYMENT_TARGET = 14.5;
				MTL_ENABLE_DEBUG_INFO = NO;
				MTL_FAST_MATH = YES;
				SDKROOT = iphoneos;
				SWIFT_COMPILATION_MODE = wholemodule;
				SWIFT_OPTIMIZATION_LEVEL = "-O";
				VALIDATE_PRODUCT = YES;
			};
			name = Release;
		};
		2D7D96AB272FC1C4005F780C /* Debug */ = {
			isa = XCBuildConfiguration;
			buildSettings = {
				ASSETCATALOG_COMPILER_APPICON_NAME = AppIcon;
				ASSETCATALOG_COMPILER_GLOBAL_ACCENT_COLOR_NAME = AccentColor;
				CODE_SIGN_STYLE = Automatic;
				DEVELOPMENT_TEAM = 4R6R23ZPJ5;
				INFOPLIST_FILE = "Swift Practice # 105 Taichung Two Result/Info.plist";
				LD_RUNPATH_SEARCH_PATHS = (
					"$(inherited)",
					"@executable_path/Frameworks",
				);
				PRODUCT_BUNDLE_IDENTIFIER = "Dogpa.Swift-Practice---105-Taichung-Two-Result";
				PRODUCT_NAME = "$(TARGET_NAME)";
				SWIFT_VERSION = 5.0;
				TARGETED_DEVICE_FAMILY = "1,2";
			};
			name = Debug;
		};
		2D7D96AC272FC1C4005F780C /* Release */ = {
			isa = XCBuildConfiguration;
			buildSettings = {
				ASSETCATALOG_COMPILER_APPICON_NAME = AppIcon;
				ASSETCATALOG_COMPILER_GLOBAL_ACCENT_COLOR_NAME = AccentColor;
				CODE_SIGN_STYLE = Automatic;
				DEVELOPMENT_TEAM = 4R6R23ZPJ5;
				INFOPLIST_FILE = "Swift Practice # 105 Taichung Two Result/Info.plist";
				LD_RUNPATH_SEARCH_PATHS = (
					"$(inherited)",
					"@executable_path/Frameworks",
				);
				PRODUCT_BUNDLE_IDENTIFIER = "Dogpa.Swift-Practice---105-Taichung-Two-Result";
				PRODUCT_NAME = "$(TARGET_NAME)";
				SWIFT_VERSION = 5.0;
				TARGETED_DEVICE_FAMILY = "1,2";
			};
			name = Release;
		};
/* End XCBuildConfiguration section */

/* Begin XCConfigurationList section */
		2D7D9691272FC1C3005F780C /* Build configuration list for PBXProject "Swift Practice # 105 Taichung Two Result" */ = {
			isa = XCConfigurationList;
			buildConfigurations = (
				2D7D96A8272FC1C4005F780C /* Debug */,
				2D7D96A9272FC1C4005F780C /* Release */,
			);
			defaultConfigurationIsVisible = 0;
			defaultConfigurationName = Release;
		};
		2D7D96AA272FC1C4005F780C /* Build configuration list for PBXNativeTarget "Swift Practice # 105 Taichung Two Result" */ = {
			isa = XCConfigurationList;
			buildConfigurations = (
				2D7D96AB272FC1C4005F780C /* Debug */,
				2D7D96AC272FC1C4005F780C /* Release */,
			);
			defaultConfigurationIsVisible = 0;
			defaultConfigurationName = Release;
		};
/* End XCConfigurationList section */

/* Begin XCRemoteSwiftPackageReference section */
		2D7D96AD272FC29A005F780C /* XCRemoteSwiftPackageReference "CodableCSV" */ = {
			isa = XCRemoteSwiftPackageReference;
			repositoryURL = "https://github.com/dehesa/CodableCSV";
			requirement = {
				kind = upToNextMajorVersion;
				minimumVersion = 0.6.7;
			};
		};
/* End XCRemoteSwiftPackageReference section */

/* Begin XCSwiftPackageProductDependency section */
		2D7D96AE272FC29A005F780C /* CodableCSV */ = {
			isa = XCSwiftPackageProductDependency;
			package = 2D7D96AD272FC29A005F780C /* XCRemoteSwiftPackageReference "CodableCSV" */;
			productName = CodableCSV;
		};
/* End XCSwiftPackageProductDependency section */
	};
	rootObject = 2D7D968E272FC1C3005F780C /* Project object */;
}
